
Microsoft Visual Studio Solution File, Format Version 12.00
# Visual Studio Version 17
VisualStudioVersion = 17.0.31717.71
MinimumVisualStudioVersion = 10.0.40219.1
Project("{FAE04EC0-301F-11D3-BF4B-00C04F79EFBC}") = "HeadOutletBug.Server", "HeadOutletBug\Server\HeadOutletBug.Server.csproj", "{7E633650-8257-49DA-9F9C-9823C2A53DC9}"
EndProject
Project("{FAE04EC0-301F-11D3-BF4B-00C04F79EFBC}") = "HeadOutletBug.Client", "HeadOutletBug\Client\HeadOutletBug.Client.csproj", "{6AC86616-75F5-4125-A69B-91620AA0C2D8}"
EndProject
Project("{FAE04EC0-301F-11D3-BF4B-00C04F79EFBC}") = "HeadOutletBug.Shared", "HeadOutletBug\Shared\HeadOutletBug.Shared.csproj", "{851CDADC-203C-4BB6-B144-73801C81BD04}"
EndProject
Global
	GlobalSection(SolutionConfigurationPlatforms) = preSolution
		Debug|Any CPU = Debug|Any CPU
		Release|Any CPU = Release|Any CPU
	EndGlobalSection
	GlobalSection(ProjectConfigurationPlatforms) = postSolution
		{7E633650-8257-49DA-9F9C-9823C2A53DC9}.Debug|Any CPU.ActiveCfg = Debug|Any CPU
		{7E633650-8257-49DA-9F9C-9823C2A53DC9}.Debug|Any CPU.Build.0 = Debug|Any CPU
		{7E633650-8257-49DA-9F9C-9823C2A53DC9}.Release|Any CPU.ActiveCfg = Release|Any CPU
		{7E633650-8257-49DA-9F9C-9823C2A53DC9}.Release|Any CPU.Build.0 = Release|Any CPU
		{6AC86616-75F5-4125-A69B-91620AA0C2D8}.Debug|Any CPU.ActiveCfg = Debug|Any CPU
		{6AC86616-75F5-4125-A69B-91620AA0C2D8}.Debug|Any CPU.Build.0 = Debug|Any CPU
		{6AC86616-75F5-4125-A69B-91620AA0C2D8}.Release|Any CPU.ActiveCfg = Release|Any CPU
		{6AC86616-75F5-4125-A69B-91620AA0C2D8}.Release|Any CPU.Build.0 = Release|Any CPU
		{851CDADC-203C-4BB6-B144-73801C81BD04}.Debug|Any CPU.ActiveCfg = Debug|Any CPU
		{851CDADC-203C-4BB6-B144-73801C81BD04}.Debug|Any CPU.Build.0 = Debug|Any CPU
		{851CDADC-203C-4BB6-B144-73801C81BD04}.Release|Any CPU.ActiveCfg = Release|Any CPU
		{851CDADC-203C-4BB6-B144-73801C81BD04}.Release|Any CPU.Build.0 = Release|Any CPU
	EndGlobalSection
	GlobalSection(SolutionProperties) = preSolution
		HideSolutionNode = FALSE
	EndGlobalSection
	GlobalSection(ExtensibilityGlobals) = postSolution
		SolutionGuid = {B40A59BF-0E37-4675-80D7-7DFCFFF07B46}
	EndGlobalSection
EndGlobal
